// !$*UTF8*$!
{
	archiveVersion = 1;
	classes = {
	};
	objectVersion = 52;
	objects = {

/* Begin PBXBuildFile section */
		A428008125EFE39E00F6D5DC /* Moya in Frameworks */ = {isa = PBXBuildFile; productRef = A428008025EFE39E00F6D5DC /* Moya */; };
		A428008325EFE39E00F6D5DC /* ReactiveMoya in Frameworks */ = {isa = PBXBuildFile; productRef = A428008225EFE39E00F6D5DC /* ReactiveMoya */; };
		A428008525EFE39E00F6D5DC /* RxMoya in Frameworks */ = {isa = PBXBuildFile; productRef = A428008425EFE39E00F6D5DC /* RxMoya */; };
		A428008825EFE49D00F6D5DC /* BooksTableViewCell.swift in Sources */ = {isa = PBXBuildFile; fileRef = A428008725EFE49D00F6D5DC /* BooksTableViewCell.swift */; };
		A428008B25EFE64C00F6D5DC /* Books.swift in Sources */ = {isa = PBXBuildFile; fileRef = A428008A25EFE64C00F6D5DC /* Books.swift */; };
		A428008E25EFE6F800F6D5DC /* BooksService.swift in Sources */ = {isa = PBXBuildFile; fileRef = A428008D25EFE6F800F6D5DC /* BooksService.swift */; };
		A466910325F13F0800A32650 /* DetailViewController.swift in Sources */ = {isa = PBXBuildFile; fileRef = A466910225F13F0700A32650 /* DetailViewController.swift */; };
		A466910725F1465000A32650 /* BooksViewModel.swift in Sources */ = {isa = PBXBuildFile; fileRef = A466910625F1465000A32650 /* BooksViewModel.swift */; };
		A4A18B0225F0FB3D00172447 /* Griffon_ios_spm in Frameworks */ = {isa = PBXBuildFile; productRef = A4A18B0125F0FB3D00172447 /* Griffon_ios_spm */; };
		A4A5BAB125E988C400607810 /* RecommendationCollectionViewCell.swift in Sources */ = {isa = PBXBuildFile; fileRef = A4A5BAB025E988C400607810 /* RecommendationCollectionViewCell.swift */; };
		A4A8FFCC25E97A3300653D27 /* AppDelegate.swift in Sources */ = {isa = PBXBuildFile; fileRef = A4A8FFCB25E97A3300653D27 /* AppDelegate.swift */; };
		A4A8FFCE25E97A3300653D27 /* SceneDelegate.swift in Sources */ = {isa = PBXBuildFile; fileRef = A4A8FFCD25E97A3300653D27 /* SceneDelegate.swift */; };
		A4A8FFD025E97A3300653D27 /* ViewController.swift in Sources */ = {isa = PBXBuildFile; fileRef = A4A8FFCF25E97A3300653D27 /* ViewController.swift */; };
		A4A8FFD525E97A3600653D27 /* Assets.xcassets in Resources */ = {isa = PBXBuildFile; fileRef = A4A8FFD425E97A3600653D27 /* Assets.xcassets */; };
		A4A8FFD825E97A3600653D27 /* LaunchScreen.storyboard in Resources */ = {isa = PBXBuildFile; fileRef = A4A8FFD625E97A3600653D27 /* LaunchScreen.storyboard */; };
		A4A8FFE825E97DAC00653D27 /* TabBarController.swift in Sources */ = {isa = PBXBuildFile; fileRef = A4A8FFE725E97DAC00653D27 /* TabBarController.swift */; };
		A4A8FFEB25E982A000653D27 /* RecommendationView.swift in Sources */ = {isa = PBXBuildFile; fileRef = A4A8FFEA25E982A000653D27 /* RecommendationView.swift */; };
		A4BDC26A25EF7447004CF8BA /* Recommendation.swift in Sources */ = {isa = PBXBuildFile; fileRef = A4BDC26925EF7447004CF8BA /* Recommendation.swift */; };
/* End PBXBuildFile section */

/* Begin PBXFileReference section */
		A428008725EFE49D00F6D5DC /* BooksTableViewCell.swift */ = {isa = PBXFileReference; lastKnownFileType = sourcecode.swift; path = BooksTableViewCell.swift; sourceTree = "<group>"; };
		A428008A25EFE64C00F6D5DC /* Books.swift */ = {isa = PBXFileReference; lastKnownFileType = sourcecode.swift; path = Books.swift; sourceTree = "<group>"; };
		A428008D25EFE6F800F6D5DC /* BooksService.swift */ = {isa = PBXFileReference; lastKnownFileType = sourcecode.swift; path = BooksService.swift; sourceTree = "<group>"; };
		A466910225F13F0700A32650 /* DetailViewController.swift */ = {isa = PBXFileReference; lastKnownFileType = sourcecode.swift; path = DetailViewController.swift; sourceTree = "<group>"; };
		A466910625F1465000A32650 /* BooksViewModel.swift */ = {isa = PBXFileReference; lastKnownFileType = sourcecode.swift; path = BooksViewModel.swift; sourceTree = "<group>"; };
		A4A18AFE25F0FAF200172447 /* griffon-ios-spm */ = {isa = PBXFileReference; lastKnownFileType = folder; path = "griffon-ios-spm"; sourceTree = "<group>"; };
		A4A5BAB025E988C400607810 /* RecommendationCollectionViewCell.swift */ = {isa = PBXFileReference; lastKnownFileType = sourcecode.swift; path = RecommendationCollectionViewCell.swift; sourceTree = "<group>"; };
		A4A8FFC825E97A3300653D27 /* MyBook.app */ = {isa = PBXFileReference; explicitFileType = wrapper.application; includeInIndex = 0; path = MyBook.app; sourceTree = BUILT_PRODUCTS_DIR; };
		A4A8FFCB25E97A3300653D27 /* AppDelegate.swift */ = {isa = PBXFileReference; lastKnownFileType = sourcecode.swift; path = AppDelegate.swift; sourceTree = "<group>"; };
		A4A8FFCD25E97A3300653D27 /* SceneDelegate.swift */ = {isa = PBXFileReference; lastKnownFileType = sourcecode.swift; path = SceneDelegate.swift; sourceTree = "<group>"; };
		A4A8FFCF25E97A3300653D27 /* ViewController.swift */ = {isa = PBXFileReference; lastKnownFileType = sourcecode.swift; path = ViewController.swift; sourceTree = "<group>"; };
		A4A8FFD425E97A3600653D27 /* Assets.xcassets */ = {isa = PBXFileReference; lastKnownFileType = folder.assetcatalog; path = Assets.xcassets; sourceTree = "<group>"; };
		A4A8FFD725E97A3600653D27 /* Base */ = {isa = PBXFileReference; lastKnownFileType = file.storyboard; name = Base; path = Base.lproj/LaunchScreen.storyboard; sourceTree = "<group>"; };
		A4A8FFD925E97A3600653D27 /* Info.plist */ = {isa = PBXFileReference; lastKnownFileType = text.plist.xml; path = Info.plist; sourceTree = "<group>"; };
		A4A8FFE725E97DAC00653D27 /* TabBarController.swift */ = {isa = PBXFileReference; lastKnownFileType = sourcecode.swift; path = TabBarController.swift; sourceTree = "<group>"; };
		A4A8FFEA25E982A000653D27 /* RecommendationView.swift */ = {isa = PBXFileReference; lastKnownFileType = sourcecode.swift; path = RecommendationView.swift; sourceTree = "<group>"; };
		A4BDC26925EF7447004CF8BA /* Recommendation.swift */ = {isa = PBXFileReference; lastKnownFileType = sourcecode.swift; path = Recommendation.swift; sourceTree = "<group>"; };
/* End PBXFileReference section */

/* Begin PBXFrameworksBuildPhase section */
		A4A8FFC525E97A3300653D27 /* Frameworks */ = {
			isa = PBXFrameworksBuildPhase;
			buildActionMask = 2147483647;
			files = (
				A428008525EFE39E00F6D5DC /* RxMoya in Frameworks */,
				A428008125EFE39E00F6D5DC /* Moya in Frameworks */,
				A428008325EFE39E00F6D5DC /* ReactiveMoya in Frameworks */,
				A4A18B0225F0FB3D00172447 /* Griffon_ios_spm in Frameworks */,
			);
			runOnlyForDeploymentPostprocessing = 0;
		};
/* End PBXFrameworksBuildPhase section */

/* Begin PBXGroup section */
		A4A18B0025F0FB3D00172447 /* Frameworks */ = {
			isa = PBXGroup;
			children = (
			);
			name = Frameworks;
			sourceTree = "<group>";
		};
		A4A8FFBF25E97A3300653D27 = {
			isa = PBXGroup;
			children = (
				A4A18AFE25F0FAF200172447 /* griffon-ios-spm */,
				A4A8FFCA25E97A3300653D27 /* MyBook */,
				A4A8FFC925E97A3300653D27 /* Products */,
				A4A18B0025F0FB3D00172447 /* Frameworks */,
			);
			sourceTree = "<group>";
		};
		A4A8FFC925E97A3300653D27 /* Products */ = {
			isa = PBXGroup;
			children = (
				A4A8FFC825E97A3300653D27 /* MyBook.app */,
			);
			name = Products;
			sourceTree = "<group>";
		};
		A4A8FFCA25E97A3300653D27 /* MyBook */ = {
			isa = PBXGroup;
			children = (
				A4A8FFE125E97A6B00653D27 /* Main Module */,
				A4A8FFD925E97A3600653D27 /* Info.plist */,
				A4A8FFE525E97AB100653D27 /* Supporting files */,
			);
			path = MyBook;
			sourceTree = "<group>";
		};
		A4A8FFE125E97A6B00653D27 /* Main Module */ = {
			isa = PBXGroup;
			children = (
				A4A8FFE225E97A8200653D27 /* ViewModel */,
				A4A8FFE325E97A9900653D27 /* View */,
				A4A8FFE425E97AAA00653D27 /* Model */,
			);
			path = "Main Module";
			sourceTree = "<group>";
		};
		A4A8FFE225E97A8200653D27 /* ViewModel */ = {
			isa = PBXGroup;
			children = (
				A466910625F1465000A32650 /* BooksViewModel.swift */,
			);
			path = ViewModel;
			sourceTree = "<group>";
		};
		A4A8FFE325E97A9900653D27 /* View */ = {
			isa = PBXGroup;
			children = (
				A4A8FFCF25E97A3300653D27 /* ViewController.swift */,
				A4A8FFE725E97DAC00653D27 /* TabBarController.swift */,
				A4BDC26925EF7447004CF8BA /* Recommendation.swift */,
				A4A8FFEA25E982A000653D27 /* RecommendationView.swift */,
				A466910225F13F0700A32650 /* DetailViewController.swift */,
				A4A8FFF025E985FD00653D27 /* Cells */,
			);
			path = View;
			sourceTree = "<group>";
		};
		A4A8FFE425E97AAA00653D27 /* Model */ = {
			isa = PBXGroup;
			children = (
				A428008A25EFE64C00F6D5DC /* Books.swift */,
				A428008D25EFE6F800F6D5DC /* BooksService.swift */,
			);
			path = Model;
			sourceTree = "<group>";
		};
		A4A8FFE525E97AB100653D27 /* Supporting files */ = {
			isa = PBXGroup;
			children = (
				A4A8FFCB25E97A3300653D27 /* AppDelegate.swift */,
				A4A8FFCD25E97A3300653D27 /* SceneDelegate.swift */,
				A4A8FFD425E97A3600653D27 /* Assets.xcassets */,
				A4A8FFD625E97A3600653D27 /* LaunchScreen.storyboard */,
			);
			path = "Supporting files";
			sourceTree = "<group>";
		};
		A4A8FFF025E985FD00653D27 /* Cells */ = {
			isa = PBXGroup;
			children = (
				A4A5BAB025E988C400607810 /* RecommendationCollectionViewCell.swift */,
				A428008725EFE49D00F6D5DC /* BooksTableViewCell.swift */,
			);
			path = Cells;
			sourceTree = "<group>";
		};
/* End PBXGroup section */

/* Begin PBXNativeTarget section */
		A4A8FFC725E97A3300653D27 /* MyBook */ = {
			isa = PBXNativeTarget;
			buildConfigurationList = A4A8FFDC25E97A3600653D27 /* Build configuration list for PBXNativeTarget "MyBook" */;
			buildPhases = (
				A4A8FFC425E97A3300653D27 /* Sources */,
				A4A8FFC525E97A3300653D27 /* Frameworks */,
				A4A8FFC625E97A3300653D27 /* Resources */,
			);
			buildRules = (
			);
			dependencies = (
			);
			name = MyBook;
			packageProductDependencies = (
				A428008025EFE39E00F6D5DC /* Moya */,
				A428008225EFE39E00F6D5DC /* ReactiveMoya */,
				A428008425EFE39E00F6D5DC /* RxMoya */,
				A4A18B0125F0FB3D00172447 /* Griffon_ios_spm */,
			);
			productName = MyBook;
			productReference = A4A8FFC825E97A3300653D27 /* MyBook.app */;
			productType = "com.apple.product-type.application";
		};
/* End PBXNativeTarget section */

/* Begin PBXProject section */
		A4A8FFC025E97A3300653D27 /* Project object */ = {
			isa = PBXProject;
			attributes = {
				LastSwiftUpdateCheck = 1230;
				LastUpgradeCheck = 1230;
				TargetAttributes = {
					A4A8FFC725E97A3300653D27 = {
						CreatedOnToolsVersion = 12.3;
					};
				};
			};
			buildConfigurationList = A4A8FFC325E97A3300653D27 /* Build configuration list for PBXProject "MyBook" */;
			compatibilityVersion = "Xcode 9.3";
			developmentRegion = en;
			hasScannedForEncodings = 0;
			knownRegions = (
				en,
				Base,
			);
			mainGroup = A4A8FFBF25E97A3300653D27;
			packageReferences = (
				A428007F25EFE39E00F6D5DC /* XCRemoteSwiftPackageReference "Moya" */,
			);
			productRefGroup = A4A8FFC925E97A3300653D27 /* Products */;
			projectDirPath = "";
			projectRoot = "";
			targets = (
				A4A8FFC725E97A3300653D27 /* MyBook */,
			);
		};
/* End PBXProject section */

/* Begin PBXResourcesBuildPhase section */
		A4A8FFC625E97A3300653D27 /* Resources */ = {
			isa = PBXResourcesBuildPhase;
			buildActionMask = 2147483647;
			files = (
				A4A8FFD825E97A3600653D27 /* LaunchScreen.storyboard in Resources */,
				A4A8FFD525E97A3600653D27 /* Assets.xcassets in Resources */,
			);
			runOnlyForDeploymentPostprocessing = 0;
		};
/* End PBXResourcesBuildPhase section */

/* Begin PBXSourcesBuildPhase section */
		A4A8FFC425E97A3300653D27 /* Sources */ = {
			isa = PBXSourcesBuildPhase;
			buildActionMask = 2147483647;
			files = (
				A466910325F13F0800A32650 /* DetailViewController.swift in Sources */,
				A466910725F1465000A32650 /* BooksViewModel.swift in Sources */,
				A4A8FFD025E97A3300653D27 /* ViewController.swift in Sources */,
				A4A8FFE825E97DAC00653D27 /* TabBarController.swift in Sources */,
				A4A8FFEB25E982A000653D27 /* RecommendationView.swift in Sources */,
				A4BDC26A25EF7447004CF8BA /* Recommendation.swift in Sources */,
				A428008E25EFE6F800F6D5DC /* BooksService.swift in Sources */,
				A428008825EFE49D00F6D5DC /* BooksTableViewCell.swift in Sources */,
				A4A5BAB125E988C400607810 /* RecommendationCollectionViewCell.swift in Sources */,
				A428008B25EFE64C00F6D5DC /* Books.swift in Sources */,
				A4A8FFCC25E97A3300653D27 /* AppDelegate.swift in Sources */,
				A4A8FFCE25E97A3300653D27 /* SceneDelegate.swift in Sources */,
			);
			runOnlyForDeploymentPostprocessing = 0;
		};
/* End PBXSourcesBuildPhase section */

/* Begin PBXVariantGroup section */
		A4A8FFD625E97A3600653D27 /* LaunchScreen.storyboard */ = {
			isa = PBXVariantGroup;
			children = (
				A4A8FFD725E97A3600653D27 /* Base */,
			);
			name = LaunchScreen.storyboard;
			sourceTree = "<group>";
		};
/* End PBXVariantGroup section */

/* Begin XCBuildConfiguration section */
		A4A8FFDA25E97A3600653D27 /* Debug */ = {
			isa = XCBuildConfiguration;
			buildSettings = {
				ALWAYS_SEARCH_USER_PATHS = NO;
				CLANG_ANALYZER_NONNULL = YES;
				CLANG_ANALYZER_NUMBER_OBJECT_CONVERSION = YES_AGGRESSIVE;
				CLANG_CXX_LANGUAGE_STANDARD = "gnu++14";
				CLANG_CXX_LIBRARY = "libc++";
				CLANG_ENABLE_MODULES = YES;
				CLANG_ENABLE_OBJC_ARC = YES;
				CLANG_ENABLE_OBJC_WEAK = YES;
				CLANG_WARN_BLOCK_CAPTURE_AUTORELEASING = YES;
				CLANG_WARN_BOOL_CONVERSION = YES;
				CLANG_WARN_COMMA = YES;
				CLANG_WARN_CONSTANT_CONVERSION = YES;
				CLANG_WARN_DEPRECATED_OBJC_IMPLEMENTATIONS = YES;
				CLANG_WARN_DIRECT_OBJC_ISA_USAGE = YES_ERROR;
				CLANG_WARN_DOCUMENTATION_COMMENTS = YES;
				CLANG_WARN_EMPTY_BODY = YES;
				CLANG_WARN_ENUM_CONVERSION = YES;
				CLANG_WARN_INFINITE_RECURSION = YES;
				CLANG_WARN_INT_CONVERSION = YES;
				CLANG_WARN_NON_LITERAL_NULL_CONVERSION = YES;
				CLANG_WARN_OBJC_IMPLICIT_RETAIN_SELF = YES;
				CLANG_WARN_OBJC_LITERAL_CONVERSION = YES;
				CLANG_WARN_OBJC_ROOT_CLASS = YES_ERROR;
				CLANG_WARN_QUOTED_INCLUDE_IN_FRAMEWORK_HEADER = YES;
				CLANG_WARN_RANGE_LOOP_ANALYSIS = YES;
				CLANG_WARN_STRICT_PROTOTYPES = YES;
				CLANG_WARN_SUSPICIOUS_MOVE = YES;
				CLANG_WARN_UNGUARDED_AVAILABILITY = YES_AGGRESSIVE;
				CLANG_WARN_UNREACHABLE_CODE = YES;
				CLANG_WARN__DUPLICATE_METHOD_MATCH = YES;
				COPY_PHASE_STRIP = NO;
				DEBUG_INFORMATION_FORMAT = dwarf;
				ENABLE_STRICT_OBJC_MSGSEND = YES;
				ENABLE_TESTABILITY = YES;
				GCC_C_LANGUAGE_STANDARD = gnu11;
				GCC_DYNAMIC_NO_PIC = NO;
				GCC_NO_COMMON_BLOCKS = YES;
				GCC_OPTIMIZATION_LEVEL = 0;
				GCC_PREPROCESSOR_DEFINITIONS = (
					"DEBUG=1",
					"$(inherited)",
				);
				GCC_WARN_64_TO_32_BIT_CONVERSION = YES;
				GCC_WARN_ABOUT_RETURN_TYPE = YES_ERROR;
				GCC_WARN_UNDECLARED_SELECTOR = YES;
				GCC_WARN_UNINITIALIZED_AUTOS = YES_AGGRESSIVE;
				GCC_WARN_UNUSED_FUNCTION = YES;
				GCC_WARN_UNUSED_VARIABLE = YES;
				IPHONEOS_DEPLOYMENT_TARGET = 14.3;
				MTL_ENABLE_DEBUG_INFO = INCLUDE_SOURCE;
				MTL_FAST_MATH = YES;
				ONLY_ACTIVE_ARCH = YES;
				SDKROOT = iphoneos;
				SWIFT_ACTIVE_COMPILATION_CONDITIONS = DEBUG;
				SWIFT_OPTIMIZATION_LEVEL = "-Onone";
			};
			name = Debug;
		};
		A4A8FFDB25E97A3600653D27 /* Release */ = {
			isa = XCBuildConfiguration;
			buildSettings = {
				ALWAYS_SEARCH_USER_PATHS = NO;
				CLANG_ANALYZER_NONNULL = YES;
				CLANG_ANALYZER_NUMBER_OBJECT_CONVERSION = YES_AGGRESSIVE;
				CLANG_CXX_LANGUAGE_STANDARD = "gnu++14";
				CLANG_CXX_LIBRARY = "libc++";
				CLANG_ENABLE_MODULES = YES;
				CLANG_ENABLE_OBJC_ARC = YES;
				CLANG_ENABLE_OBJC_WEAK = YES;
				CLANG_WARN_BLOCK_CAPTURE_AUTORELEASING = YES;
				CLANG_WARN_BOOL_CONVERSION = YES;
				CLANG_WARN_COMMA = YES;
				CLANG_WARN_CONSTANT_CONVERSION = YES;
				CLANG_WARN_DEPRECATED_OBJC_IMPLEMENTATIONS = YES;
				CLANG_WARN_DIRECT_OBJC_ISA_USAGE = YES_ERROR;
				CLANG_WARN_DOCUMENTATION_COMMENTS = YES;
				CLANG_WARN_EMPTY_BODY = YES;
				CLANG_WARN_ENUM_CONVERSION = YES;
				CLANG_WARN_INFINITE_RECURSION = YES;
				CLANG_WARN_INT_CONVERSION = YES;
				CLANG_WARN_NON_LITERAL_NULL_CONVERSION = YES;
				CLANG_WARN_OBJC_IMPLICIT_RETAIN_SELF = YES;
				CLANG_WARN_OBJC_LITERAL_CONVERSION = YES;
				CLANG_WARN_OBJC_ROOT_CLASS = YES_ERROR;
				CLANG_WARN_QUOTED_INCLUDE_IN_FRAMEWORK_HEADER = YES;
				CLANG_WARN_RANGE_LOOP_ANALYSIS = YES;
				CLANG_WARN_STRICT_PROTOTYPES = YES;
				CLANG_WARN_SUSPICIOUS_MOVE = YES;
				CLANG_WARN_UNGUARDED_AVAILABILITY = YES_AGGRESSIVE;
				CLANG_WARN_UNREACHABLE_CODE = YES;
				CLANG_WARN__DUPLICATE_METHOD_MATCH = YES;
				COPY_PHASE_STRIP = NO;
				DEBUG_INFORMATION_FORMAT = "dwarf-with-dsym";
				ENABLE_NS_ASSERTIONS = NO;
				ENABLE_STRICT_OBJC_MSGSEND = YES;
				GCC_C_LANGUAGE_STANDARD = gnu11;
				GCC_NO_COMMON_BLOCKS = YES;
				GCC_WARN_64_TO_32_BIT_CONVERSION = YES;
				GCC_WARN_ABOUT_RETURN_TYPE = YES_ERROR;
				GCC_WARN_UNDECLARED_SELECTOR = YES;
				GCC_WARN_UNINITIALIZED_AUTOS = YES_AGGRESSIVE;
				GCC_WARN_UNUSED_FUNCTION = YES;
				GCC_WARN_UNUSED_VARIABLE = YES;
				IPHONEOS_DEPLOYMENT_TARGET = 14.3;
				MTL_ENABLE_DEBUG_INFO = NO;
				MTL_FAST_MATH = YES;
				SDKROOT = iphoneos;
				SWIFT_COMPILATION_MODE = wholemodule;
				SWIFT_OPTIMIZATION_LEVEL = "-O";
				VALIDATE_PRODUCT = YES;
			};
			name = Release;
		};
		A4A8FFDD25E97A3600653D27 /* Debug */ = {
			isa = XCBuildConfiguration;
			buildSettings = {
				ASSETCATALOG_COMPILER_APPICON_NAME = AppIcon;
				ASSETCATALOG_COMPILER_GLOBAL_ACCENT_COLOR_NAME = AccentColor;
				CODE_SIGN_STYLE = Automatic;
				DEVELOPMENT_TEAM = 46MHH5NGQL;
				INFOPLIST_FILE = MyBook/Info.plist;
				LD_RUNPATH_SEARCH_PATHS = (
					"$(inherited)",
					"@executable_path/Frameworks",
				);
				PRODUCT_BUNDLE_IDENTIFIER = com.first.Madi.MyBook;
				PRODUCT_NAME = "$(TARGET_NAME)";
				SWIFT_VERSION = 5.0;
				TARGETED_DEVICE_FAMILY = "1,2";
			};
			name = Debug;
		};
		A4A8FFDE25E97A3600653D27 /* Release */ = {
			isa = XCBuildConfiguration;
			buildSettings = {
				ASSETCATALOG_COMPILER_APPICON_NAME = AppIcon;
				ASSETCATALOG_COMPILER_GLOBAL_ACCENT_COLOR_NAME = AccentColor;
				CODE_SIGN_STYLE = Automatic;
				DEVELOPMENT_TEAM = 46MHH5NGQL;
				INFOPLIST_FILE = MyBook/Info.plist;
				LD_RUNPATH_SEARCH_PATHS = (
					"$(inherited)",
					"@executable_path/Frameworks",
				);
				PRODUCT_BUNDLE_IDENTIFIER = com.first.Madi.MyBook;
				PRODUCT_NAME = "$(TARGET_NAME)";
				SWIFT_VERSION = 5.0;
				TARGETED_DEVICE_FAMILY = "1,2";
			};
			name = Release;
		};
/* End XCBuildConfiguration section */

/* Begin XCConfigurationList section */
		A4A8FFC325E97A3300653D27 /* Build configuration list for PBXProject "MyBook" */ = {
			isa = XCConfigurationList;
			buildConfigurations = (
				A4A8FFDA25E97A3600653D27 /* Debug */,
				A4A8FFDB25E97A3600653D27 /* Release */,
			);
			defaultConfigurationIsVisible = 0;
			defaultConfigurationName = Release;
		};
		A4A8FFDC25E97A3600653D27 /* Build configuration list for PBXNativeTarget "MyBook" */ = {
			isa = XCConfigurationList;
			buildConfigurations = (
				A4A8FFDD25E97A3600653D27 /* Debug */,
				A4A8FFDE25E97A3600653D27 /* Release */,
			);
			defaultConfigurationIsVisible = 0;
			defaultConfigurationName = Release;
		};
/* End XCConfigurationList section */

/* Begin XCRemoteSwiftPackageReference section */
		A428007F25EFE39E00F6D5DC /* XCRemoteSwiftPackageReference "Moya" */ = {
			isa = XCRemoteSwiftPackageReference;
			repositoryURL = "https://github.com/Moya/Moya.git";
			requirement = {
				kind = upToNextMajorVersion;
				minimumVersion = 14.0.1;
			};
		};
/* End XCRemoteSwiftPackageReference section */

/* Begin XCSwiftPackageProductDependency section */
		A428008025EFE39E00F6D5DC /* Moya */ = {
			isa = XCSwiftPackageProductDependency;
			package = A428007F25EFE39E00F6D5DC /* XCRemoteSwiftPackageReference "Moya" */;
			productName = Moya;
		};
		A428008225EFE39E00F6D5DC /* ReactiveMoya */ = {
			isa = XCSwiftPackageProductDependency;
			package = A428007F25EFE39E00F6D5DC /* XCRemoteSwiftPackageReference "Moya" */;
			productName = ReactiveMoya;
		};
		A428008425EFE39E00F6D5DC /* RxMoya */ = {
			isa = XCSwiftPackageProductDependency;
			package = A428007F25EFE39E00F6D5DC /* XCRemoteSwiftPackageReference "Moya" */;
			productName = RxMoya;
		};
		A4A18B0125F0FB3D00172447 /* Griffon_ios_spm */ = {
			isa = XCSwiftPackageProductDependency;
			productName = Griffon_ios_spm;
		};
/* End XCSwiftPackageProductDependency section */
	};
	rootObject = A4A8FFC025E97A3300653D27 /* Project object */;
}
